
Microsoft Visual Studio Solution File, Format Version 12.00
# Visual Studio Version 17
VisualStudioVersion = 17.14.36202.13
MinimumVisualStudioVersion = 10.0.40219.1
Project("{FAE04EC0-301F-11D3-BF4B-00C04F79EFBC}") = "EventSourcing", "EventSourcing\EventSourcing.csproj", "{BA98149C-6459-498F-9355-5C4F46F4EB87}"
EndProject
Project("{2150E333-8FDC-42A3-9474-1A3956D46DE8}") = "Solution Items", "Solution Items", "{089100B1-113F-4E66-888A-E83F3999EAFD}"
EndProject
Global
	GlobalSection(SolutionConfigurationPlatforms) = preSolution
		Debug|Any CPU = Debug|Any CPU
		Release|Any CPU = Release|Any CPU
	EndGlobalSection
	GlobalSection(ProjectConfigurationPlatforms) = postSolution
		{BA98149C-6459-498F-9355-5C4F46F4EB87}.Debug|Any CPU.ActiveCfg = Debug|Any CPU
		{BA98149C-6459-498F-9355-5C4F46F4EB87}.Debug|Any CPU.Build.0 = Debug|Any CPU
		{BA98149C-6459-498F-9355-5C4F46F4EB87}.Release|Any CPU.ActiveCfg = Release|Any CPU
		{BA98149C-6459-498F-9355-5C4F46F4EB87}.Release|Any CPU.Build.0 = Release|Any CPU
	EndGlobalSection
	GlobalSection(SolutionProperties) = preSolution
		HideSolutionNode = FALSE
	EndGlobalSection
	GlobalSection(ExtensibilityGlobals) = postSolution
		SolutionGuid = {F123BFC1-C9B1-4A42-A407-49BC9BA04374}
	EndGlobalSection
EndGlobal
